// !$*UTF8*$!
{
	archiveVersion = 1;
	classes = {
	};
	objectVersion = 50;
	objects = {

/* Begin PBXBuildFile section */
		97971FD5257CD4390053D1CF /* AppDelegate.swift in Sources */ = {isa = PBXBuildFile; fileRef = 97971FD4257CD4390053D1CF /* AppDelegate.swift */; };
		97971FD7257CD4390053D1CF /* SceneDelegate.swift in Sources */ = {isa = PBXBuildFile; fileRef = 97971FD6257CD4390053D1CF /* SceneDelegate.swift */; };
		97971FD9257CD4390053D1CF /* ViewController.swift in Sources */ = {isa = PBXBuildFile; fileRef = 97971FD8257CD4390053D1CF /* ViewController.swift */; };
		97971FDF257CD4390053D1CF /* HomeWork_8.xcdatamodeld in Sources */ = {isa = PBXBuildFile; fileRef = 97971FDD257CD4390053D1CF /* HomeWork_8.xcdatamodeld */; };
		97971FE1257CD43E0053D1CF /* Assets.xcassets in Resources */ = {isa = PBXBuildFile; fileRef = 97971FE0257CD43E0053D1CF /* Assets.xcassets */; };
		97971FE4257CD43E0053D1CF /* LaunchScreen.storyboard in Resources */ = {isa = PBXBuildFile; fileRef = 97971FE2257CD43E0053D1CF /* LaunchScreen.storyboard */; };
		97971FF7257CD5B50053D1CF /* Metrics.swift in Sources */ = {isa = PBXBuildFile; fileRef = 97971FF6257CD5B50053D1CF /* Metrics.swift */; };
/* End PBXBuildFile section */

/* Begin PBXFileReference section */
		97971FD1257CD4390053D1CF /* HomeWork-8.app */ = {isa = PBXFileReference; explicitFileType = wrapper.application; includeInIndex = 0; path = "HomeWork-8.app"; sourceTree = BUILT_PRODUCTS_DIR; };
		97971FD4257CD4390053D1CF /* AppDelegate.swift */ = {isa = PBXFileReference; lastKnownFileType = sourcecode.swift; path = AppDelegate.swift; sourceTree = "<group>"; };
		97971FD6257CD4390053D1CF /* SceneDelegate.swift */ = {isa = PBXFileReference; lastKnownFileType = sourcecode.swift; path = SceneDelegate.swift; sourceTree = "<group>"; };
		97971FD8257CD4390053D1CF /* ViewController.swift */ = {isa = PBXFileReference; lastKnownFileType = sourcecode.swift; path = ViewController.swift; sourceTree = "<group>"; };
		97971FDE257CD4390053D1CF /* HomeWork_8.xcdatamodel */ = {isa = PBXFileReference; lastKnownFileType = wrapper.xcdatamodel; path = HomeWork_8.xcdatamodel; sourceTree = "<group>"; };
		97971FE0257CD43E0053D1CF /* Assets.xcassets */ = {isa = PBXFileReference; lastKnownFileType = folder.assetcatalog; path = Assets.xcassets; sourceTree = "<group>"; };
		97971FE3257CD43E0053D1CF /* Base */ = {isa = PBXFileReference; lastKnownFileType = file.storyboard; name = Base; path = Base.lproj/LaunchScreen.storyboard; sourceTree = "<group>"; };
		97971FE5257CD43E0053D1CF /* Info.plist */ = {isa = PBXFileReference; lastKnownFileType = text.plist.xml; path = Info.plist; sourceTree = "<group>"; };
		97971FF6257CD5B50053D1CF /* Metrics.swift */ = {isa = PBXFileReference; lastKnownFileType = sourcecode.swift; path = Metrics.swift; sourceTree = "<group>"; };
/* End PBXFileReference section */

/* Begin PBXFrameworksBuildPhase section */
		97971FCE257CD4390053D1CF /* Frameworks */ = {
			isa = PBXFrameworksBuildPhase;
			buildActionMask = 2147483647;
			files = (
			);
			runOnlyForDeploymentPostprocessing = 0;
		};
/* End PBXFrameworksBuildPhase section */

/* Begin PBXGroup section */
		97971FC8257CD4390053D1CF = {
			isa = PBXGroup;
			children = (
				97971FD3257CD4390053D1CF /* HomeWork-8 */,
				97971FD2257CD4390053D1CF /* Products */,
			);
			sourceTree = "<group>";
		};
		97971FD2257CD4390053D1CF /* Products */ = {
			isa = PBXGroup;
			children = (
				97971FD1257CD4390053D1CF /* HomeWork-8.app */,
			);
			name = Products;
			sourceTree = "<group>";
		};
		97971FD3257CD4390053D1CF /* HomeWork-8 */ = {
			isa = PBXGroup;
			children = (
				97971FF5257CD59A0053D1CF /* Helpers */,
				97971FED257CD45A0053D1CF /* Application */,
				97971FD8257CD4390053D1CF /* ViewController.swift */,
				97971FEC257CD44A0053D1CF /* CoreData */,
			);
			path = "HomeWork-8";
			sourceTree = "<group>";
		};
		97971FEC257CD44A0053D1CF /* CoreData */ = {
			isa = PBXGroup;
			children = (
				97971FDD257CD4390053D1CF /* HomeWork_8.xcdatamodeld */,
			);
			path = CoreData;
			sourceTree = "<group>";
		};
		97971FED257CD45A0053D1CF /* Application */ = {
			isa = PBXGroup;
			children = (
				97971FD4257CD4390053D1CF /* AppDelegate.swift */,
				97971FD6257CD4390053D1CF /* SceneDelegate.swift */,
				97971FE0257CD43E0053D1CF /* Assets.xcassets */,
				97971FE2257CD43E0053D1CF /* LaunchScreen.storyboard */,
				97971FE5257CD43E0053D1CF /* Info.plist */,
			);
			path = Application;
			sourceTree = "<group>";
		};
		97971FF5257CD59A0053D1CF /* Helpers */ = {
			isa = PBXGroup;
			children = (
				97971FF6257CD5B50053D1CF /* Metrics.swift */,
			);
			path = Helpers;
			sourceTree = "<group>";
		};
/* End PBXGroup section */

/* Begin PBXNativeTarget section */
		97971FD0257CD4390053D1CF /* HomeWork-8 */ = {
			isa = PBXNativeTarget;
			buildConfigurationList = 97971FE8257CD43E0053D1CF /* Build configuration list for PBXNativeTarget "HomeWork-8" */;
			buildPhases = (
				97971FCD257CD4390053D1CF /* Sources */,
				97971FCE257CD4390053D1CF /* Frameworks */,
				97971FCF257CD4390053D1CF /* Resources */,
			);
			buildRules = (
			);
			dependencies = (
			);
			name = "HomeWork-8";
			productName = "HomeWork-8";
			productReference = 97971FD1257CD4390053D1CF /* HomeWork-8.app */;
			productType = "com.apple.product-type.application";
		};
/* End PBXNativeTarget section */

/* Begin PBXProject section */
		97971FC9257CD4390053D1CF /* Project object */ = {
			isa = PBXProject;
			attributes = {
				LastSwiftUpdateCheck = 1210;
				LastUpgradeCheck = 1210;
				TargetAttributes = {
					97971FD0257CD4390053D1CF = {
						CreatedOnToolsVersion = 12.1;
					};
				};
			};
			buildConfigurationList = 97971FCC257CD4390053D1CF /* Build configuration list for PBXProject "HomeWork-8" */;
			compatibilityVersion = "Xcode 9.3";
			developmentRegion = en;
			hasScannedForEncodings = 0;
			knownRegions = (
				en,
				Base,
			);
			mainGroup = 97971FC8257CD4390053D1CF;
			productRefGroup = 97971FD2257CD4390053D1CF /* Products */;
			projectDirPath = "";
			projectRoot = "";
			targets = (
				97971FD0257CD4390053D1CF /* HomeWork-8 */,
			);
		};
/* End PBXProject section */

/* Begin PBXResourcesBuildPhase section */
		97971FCF257CD4390053D1CF /* Resources */ = {
			isa = PBXResourcesBuildPhase;
			buildActionMask = 2147483647;
			files = (
				97971FE4257CD43E0053D1CF /* LaunchScreen.storyboard in Resources */,
				97971FE1257CD43E0053D1CF /* Assets.xcassets in Resources */,
			);
			runOnlyForDeploymentPostprocessing = 0;
		};
/* End PBXResourcesBuildPhase section */

/* Begin PBXSourcesBuildPhase section */
		97971FCD257CD4390053D1CF /* Sources */ = {
			isa = PBXSourcesBuildPhase;
			buildActionMask = 2147483647;
			files = (
				97971FD9257CD4390053D1CF /* ViewController.swift in Sources */,
				97971FD5257CD4390053D1CF /* AppDelegate.swift in Sources */,
				97971FF7257CD5B50053D1CF /* Metrics.swift in Sources */,
				97971FDF257CD4390053D1CF /* HomeWork_8.xcdatamodeld in Sources */,
				97971FD7257CD4390053D1CF /* SceneDelegate.swift in Sources */,
			);
			runOnlyForDeploymentPostprocessing = 0;
		};
/* End PBXSourcesBuildPhase section */

/* Begin PBXVariantGroup section */
		97971FE2257CD43E0053D1CF /* LaunchScreen.storyboard */ = {
			isa = PBXVariantGroup;
			children = (
				97971FE3257CD43E0053D1CF /* Base */,
			);
			name = LaunchScreen.storyboard;
			sourceTree = "<group>";
		};
/* End PBXVariantGroup section */

/* Begin XCBuildConfiguration section */
		97971FE6257CD43E0053D1CF /* Debug */ = {
			isa = XCBuildConfiguration;
			buildSettings = {
				ALWAYS_SEARCH_USER_PATHS = NO;
				CLANG_ANALYZER_NONNULL = YES;
				CLANG_ANALYZER_NUMBER_OBJECT_CONVERSION = YES_AGGRESSIVE;
				CLANG_CXX_LANGUAGE_STANDARD = "gnu++14";
				CLANG_CXX_LIBRARY = "libc++";
				CLANG_ENABLE_MODULES = YES;
				CLANG_ENABLE_OBJC_ARC = YES;
				CLANG_ENABLE_OBJC_WEAK = YES;
				CLANG_WARN_BLOCK_CAPTURE_AUTORELEASING = YES;
				CLANG_WARN_BOOL_CONVERSION = YES;
				CLANG_WARN_COMMA = YES;
				CLANG_WARN_CONSTANT_CONVERSION = YES;
				CLANG_WARN_DEPRECATED_OBJC_IMPLEMENTATIONS = YES;
				CLANG_WARN_DIRECT_OBJC_ISA_USAGE = YES_ERROR;
				CLANG_WARN_DOCUMENTATION_COMMENTS = YES;
				CLANG_WARN_EMPTY_BODY = YES;
				CLANG_WARN_ENUM_CONVERSION = YES;
				CLANG_WARN_INFINITE_RECURSION = YES;
				CLANG_WARN_INT_CONVERSION = YES;
				CLANG_WARN_NON_LITERAL_NULL_CONVERSION = YES;
				CLANG_WARN_OBJC_IMPLICIT_RETAIN_SELF = YES;
				CLANG_WARN_OBJC_LITERAL_CONVERSION = YES;
				CLANG_WARN_OBJC_ROOT_CLASS = YES_ERROR;
				CLANG_WARN_QUOTED_INCLUDE_IN_FRAMEWORK_HEADER = YES;
				CLANG_WARN_RANGE_LOOP_ANALYSIS = YES;
				CLANG_WARN_STRICT_PROTOTYPES = YES;
				CLANG_WARN_SUSPICIOUS_MOVE = YES;
				CLANG_WARN_UNGUARDED_AVAILABILITY = YES_AGGRESSIVE;
				CLANG_WARN_UNREACHABLE_CODE = YES;
				CLANG_WARN__DUPLICATE_METHOD_MATCH = YES;
				COPY_PHASE_STRIP = NO;
				DEBUG_INFORMATION_FORMAT = dwarf;
				ENABLE_STRICT_OBJC_MSGSEND = YES;
				ENABLE_TESTABILITY = YES;
				GCC_C_LANGUAGE_STANDARD = gnu11;
				GCC_DYNAMIC_NO_PIC = NO;
				GCC_NO_COMMON_BLOCKS = YES;
				GCC_OPTIMIZATION_LEVEL = 0;
				GCC_PREPROCESSOR_DEFINITIONS = (
					"DEBUG=1",
					"$(inherited)",
				);
				GCC_WARN_64_TO_32_BIT_CONVERSION = YES;
				GCC_WARN_ABOUT_RETURN_TYPE = YES_ERROR;
				GCC_WARN_UNDECLARED_SELECTOR = YES;
				GCC_WARN_UNINITIALIZED_AUTOS = YES_AGGRESSIVE;
				GCC_WARN_UNUSED_FUNCTION = YES;
				GCC_WARN_UNUSED_VARIABLE = YES;
				IPHONEOS_DEPLOYMENT_TARGET = 14.1;
				MTL_ENABLE_DEBUG_INFO = INCLUDE_SOURCE;
				MTL_FAST_MATH = YES;
				ONLY_ACTIVE_ARCH = YES;
				SDKROOT = iphoneos;
				SWIFT_ACTIVE_COMPILATION_CONDITIONS = DEBUG;
				SWIFT_OPTIMIZATION_LEVEL = "-Onone";
			};
			name = Debug;
		};
		97971FE7257CD43E0053D1CF /* Release */ = {
			isa = XCBuildConfiguration;
			buildSettings = {
				ALWAYS_SEARCH_USER_PATHS = NO;
				CLANG_ANALYZER_NONNULL = YES;
				CLANG_ANALYZER_NUMBER_OBJECT_CONVERSION = YES_AGGRESSIVE;
				CLANG_CXX_LANGUAGE_STANDARD = "gnu++14";
				CLANG_CXX_LIBRARY = "libc++";
				CLANG_ENABLE_MODULES = YES;
				CLANG_ENABLE_OBJC_ARC = YES;
				CLANG_ENABLE_OBJC_WEAK = YES;
				CLANG_WARN_BLOCK_CAPTURE_AUTORELEASING = YES;
				CLANG_WARN_BOOL_CONVERSION = YES;
				CLANG_WARN_COMMA = YES;
				CLANG_WARN_CONSTANT_CONVERSION = YES;
				CLANG_WARN_DEPRECATED_OBJC_IMPLEMENTATIONS = YES;
				CLANG_WARN_DIRECT_OBJC_ISA_USAGE = YES_ERROR;
				CLANG_WARN_DOCUMENTATION_COMMENTS = YES;
				CLANG_WARN_EMPTY_BODY = YES;
				CLANG_WARN_ENUM_CONVERSION = YES;
				CLANG_WARN_INFINITE_RECURSION = YES;
				CLANG_WARN_INT_CONVERSION = YES;
				CLANG_WARN_NON_LITERAL_NULL_CONVERSION = YES;
				CLANG_WARN_OBJC_IMPLICIT_RETAIN_SELF = YES;
				CLANG_WARN_OBJC_LITERAL_CONVERSION = YES;
				CLANG_WARN_OBJC_ROOT_CLASS = YES_ERROR;
				CLANG_WARN_QUOTED_INCLUDE_IN_FRAMEWORK_HEADER = YES;
				CLANG_WARN_RANGE_LOOP_ANALYSIS = YES;
				CLANG_WARN_STRICT_PROTOTYPES = YES;
				CLANG_WARN_SUSPICIOUS_MOVE = YES;
				CLANG_WARN_UNGUARDED_AVAILABILITY = YES_AGGRESSIVE;
				CLANG_WARN_UNREACHABLE_CODE = YES;
				CLANG_WARN__DUPLICATE_METHOD_MATCH = YES;
				COPY_PHASE_STRIP = NO;
				DEBUG_INFORMATION_FORMAT = "dwarf-with-dsym";
				ENABLE_NS_ASSERTIONS = NO;
				ENABLE_STRICT_OBJC_MSGSEND = YES;
				GCC_C_LANGUAGE_STANDARD = gnu11;
				GCC_NO_COMMON_BLOCKS = YES;
				GCC_WARN_64_TO_32_BIT_CONVERSION = YES;
				GCC_WARN_ABOUT_RETURN_TYPE = YES_ERROR;
				GCC_WARN_UNDECLARED_SELECTOR = YES;
				GCC_WARN_UNINITIALIZED_AUTOS = YES_AGGRESSIVE;
				GCC_WARN_UNUSED_FUNCTION = YES;
				GCC_WARN_UNUSED_VARIABLE = YES;
				IPHONEOS_DEPLOYMENT_TARGET = 14.1;
				MTL_ENABLE_DEBUG_INFO = NO;
				MTL_FAST_MATH = YES;
				SDKROOT = iphoneos;
				SWIFT_COMPILATION_MODE = wholemodule;
				SWIFT_OPTIMIZATION_LEVEL = "-O";
				VALIDATE_PRODUCT = YES;
			};
			name = Release;
		};
		97971FE9257CD43E0053D1CF /* Debug */ = {
			isa = XCBuildConfiguration;
			buildSettings = {
				ASSETCATALOG_COMPILER_APPICON_NAME = AppIcon;
				ASSETCATALOG_COMPILER_GLOBAL_ACCENT_COLOR_NAME = AccentColor;
				CODE_SIGN_STYLE = Automatic;
				DEVELOPMENT_TEAM = 3Y3H58KDA5;
				INFOPLIST_FILE = "HomeWork-8/Application/Info.plist";
				LD_RUNPATH_SEARCH_PATHS = (
					"$(inherited)",
					"@executable_path/Frameworks",
				);
				PRODUCT_BUNDLE_IDENTIFIER = "id5190011.HomeWork-8";
				PRODUCT_NAME = "$(TARGET_NAME)";
				SWIFT_VERSION = 5.0;
				TARGETED_DEVICE_FAMILY = "1,2";
			};
			name = Debug;
		};
		97971FEA257CD43E0053D1CF /* Release */ = {
			isa = XCBuildConfiguration;
			buildSettings = {
				ASSETCATALOG_COMPILER_APPICON_NAME = AppIcon;
				ASSETCATALOG_COMPILER_GLOBAL_ACCENT_COLOR_NAME = AccentColor;
				CODE_SIGN_STYLE = Automatic;
				DEVELOPMENT_TEAM = 3Y3H58KDA5;
				INFOPLIST_FILE = "HomeWork-8/Application/Info.plist";
				LD_RUNPATH_SEARCH_PATHS = (
					"$(inherited)",
					"@executable_path/Frameworks",
				);
				PRODUCT_BUNDLE_IDENTIFIER = "id5190011.HomeWork-8";
				PRODUCT_NAME = "$(TARGET_NAME)";
				SWIFT_VERSION = 5.0;
				TARGETED_DEVICE_FAMILY = "1,2";
			};
			name = Release;
		};
/* End XCBuildConfiguration section */

/* Begin XCConfigurationList section */
		97971FCC257CD4390053D1CF /* Build configuration list for PBXProject "HomeWork-8" */ = {
			isa = XCConfigurationList;
			buildConfigurations = (
				97971FE6257CD43E0053D1CF /* Debug */,
				97971FE7257CD43E0053D1CF /* Release */,
			);
			defaultConfigurationIsVisible = 0;
			defaultConfigurationName = Release;
		};
		97971FE8257CD43E0053D1CF /* Build configuration list for PBXNativeTarget "HomeWork-8" */ = {
			isa = XCConfigurationList;
			buildConfigurations = (
				97971FE9257CD43E0053D1CF /* Debug */,
				97971FEA257CD43E0053D1CF /* Release */,
			);
			defaultConfigurationIsVisible = 0;
			defaultConfigurationName = Release;
		};
/* End XCConfigurationList section */

/* Begin XCVersionGroup section */
		97971FDD257CD4390053D1CF /* HomeWork_8.xcdatamodeld */ = {
			isa = XCVersionGroup;
			children = (
				97971FDE257CD4390053D1CF /* HomeWork_8.xcdatamodel */,
			);
			currentVersion = 97971FDE257CD4390053D1CF /* HomeWork_8.xcdatamodel */;
			path = HomeWork_8.xcdatamodeld;
			sourceTree = "<group>";
			versionGroupType = wrapper.xcdatamodel;
		};
/* End XCVersionGroup section */
	};
	rootObject = 97971FC9257CD4390053D1CF /* Project object */;
}
